// !$*UTF8*$!
{
	archiveVersion = 1;
	classes = {
	};
	objectVersion = 50;
	objects = {

/* Begin PBXBuildFile section */
		1D31870222A45AEE00E95E72 /* SecondPlayerViewController.swift in Sources */ = {isa = PBXBuildFile; fileRef = 1D31870122A45AEE00E95E72 /* SecondPlayerViewController.swift */; };
		1DDE0B7022A2D5FE00C1BAD8 /* AppDelegate.swift in Sources */ = {isa = PBXBuildFile; fileRef = 1DDE0B6F22A2D5FE00C1BAD8 /* AppDelegate.swift */; };
		1DDE0B7222A2D5FE00C1BAD8 /* ViewController.swift in Sources */ = {isa = PBXBuildFile; fileRef = 1DDE0B7122A2D5FE00C1BAD8 /* ViewController.swift */; };
		1DDE0B7522A2D5FE00C1BAD8 /* Main.storyboard in Resources */ = {isa = PBXBuildFile; fileRef = 1DDE0B7322A2D5FE00C1BAD8 /* Main.storyboard */; };
		1DDE0B7822A2D5FE00C1BAD8 /* Rock_paper_scissors.xcdatamodeld in Sources */ = {isa = PBXBuildFile; fileRef = 1DDE0B7622A2D5FE00C1BAD8 /* Rock_paper_scissors.xcdatamodeld */; };
		1DDE0B7D22A2D60500C1BAD8 /* LaunchScreen.storyboard in Resources */ = {isa = PBXBuildFile; fileRef = 1DDE0B7B22A2D60500C1BAD8 /* LaunchScreen.storyboard */; };
		1DDE0B8522A2E4A500C1BAD8 /* ComputerViewController.swift in Sources */ = {isa = PBXBuildFile; fileRef = 1DDE0B8422A2E4A500C1BAD8 /* ComputerViewController.swift */; };
		1DDE0B8722A2E4D500C1BAD8 /* PlayerViewController.swift in Sources */ = {isa = PBXBuildFile; fileRef = 1DDE0B8622A2E4D500C1BAD8 /* PlayerViewController.swift */; };
		1DDE0B8922A2E75300C1BAD8 /* Assets.xcassets in Resources */ = {isa = PBXBuildFile; fileRef = 1DDE0B8822A2E75300C1BAD8 /* Assets.xcassets */; };
/* End PBXBuildFile section */

/* Begin PBXFileReference section */
		1D31870122A45AEE00E95E72 /* SecondPlayerViewController.swift */ = {isa = PBXFileReference; lastKnownFileType = sourcecode.swift; path = SecondPlayerViewController.swift; sourceTree = "<group>"; };
		1DDE0B6C22A2D5FE00C1BAD8 /* Rock–paper–scissors.app */ = {isa = PBXFileReference; explicitFileType = wrapper.application; includeInIndex = 0; path = "Rock–paper–scissors.app"; sourceTree = BUILT_PRODUCTS_DIR; };
		1DDE0B6F22A2D5FE00C1BAD8 /* AppDelegate.swift */ = {isa = PBXFileReference; lastKnownFileType = sourcecode.swift; path = AppDelegate.swift; sourceTree = "<group>"; };
		1DDE0B7122A2D5FE00C1BAD8 /* ViewController.swift */ = {isa = PBXFileReference; lastKnownFileType = sourcecode.swift; path = ViewController.swift; sourceTree = "<group>"; };
		1DDE0B7422A2D5FE00C1BAD8 /* Base */ = {isa = PBXFileReference; lastKnownFileType = file.storyboard; name = Base; path = Base.lproj/Main.storyboard; sourceTree = "<group>"; };
		1DDE0B7722A2D5FE00C1BAD8 /* Rock_paper_scissors.xcdatamodel */ = {isa = PBXFileReference; lastKnownFileType = wrapper.xcdatamodel; path = Rock_paper_scissors.xcdatamodel; sourceTree = "<group>"; };
		1DDE0B7C22A2D60500C1BAD8 /* Base */ = {isa = PBXFileReference; lastKnownFileType = file.storyboard; name = Base; path = Base.lproj/LaunchScreen.storyboard; sourceTree = "<group>"; };
		1DDE0B7E22A2D60500C1BAD8 /* Info.plist */ = {isa = PBXFileReference; lastKnownFileType = text.plist.xml; path = Info.plist; sourceTree = "<group>"; };
		1DDE0B8422A2E4A500C1BAD8 /* ComputerViewController.swift */ = {isa = PBXFileReference; lastKnownFileType = sourcecode.swift; path = ComputerViewController.swift; sourceTree = "<group>"; };
		1DDE0B8622A2E4D500C1BAD8 /* PlayerViewController.swift */ = {isa = PBXFileReference; lastKnownFileType = sourcecode.swift; path = PlayerViewController.swift; sourceTree = "<group>"; };
		1DDE0B8822A2E75300C1BAD8 /* Assets.xcassets */ = {isa = PBXFileReference; lastKnownFileType = folder.assetcatalog; path = Assets.xcassets; sourceTree = "<group>"; };
/* End PBXFileReference section */

/* Begin PBXFrameworksBuildPhase section */
		1DDE0B6922A2D5FE00C1BAD8 /* Frameworks */ = {
			isa = PBXFrameworksBuildPhase;
			buildActionMask = 2147483647;
			files = (
			);
			runOnlyForDeploymentPostprocessing = 0;
		};
/* End PBXFrameworksBuildPhase section */

/* Begin PBXGroup section */
		1DDE0B6322A2D5FE00C1BAD8 = {
			isa = PBXGroup;
			children = (
				1DDE0B6E22A2D5FE00C1BAD8 /* Rock–paper–scissors */,
				1DDE0B6D22A2D5FE00C1BAD8 /* Products */,
			);
			sourceTree = "<group>";
		};
		1DDE0B6D22A2D5FE00C1BAD8 /* Products */ = {
			isa = PBXGroup;
			children = (
				1DDE0B6C22A2D5FE00C1BAD8 /* Rock–paper–scissors.app */,
			);
			name = Products;
			sourceTree = "<group>";
		};
		1DDE0B6E22A2D5FE00C1BAD8 /* Rock–paper–scissors */ = {
			isa = PBXGroup;
			children = (
				1DDE0B6F22A2D5FE00C1BAD8 /* AppDelegate.swift */,
				1DDE0B7122A2D5FE00C1BAD8 /* ViewController.swift */,
				1DDE0B7322A2D5FE00C1BAD8 /* Main.storyboard */,
				1D31870122A45AEE00E95E72 /* SecondPlayerViewController.swift */,
				1DDE0B8422A2E4A500C1BAD8 /* ComputerViewController.swift */,
				1DDE0B8622A2E4D500C1BAD8 /* PlayerViewController.swift */,
				1DDE0B8822A2E75300C1BAD8 /* Assets.xcassets */,
				1DDE0B7B22A2D60500C1BAD8 /* LaunchScreen.storyboard */,
				1DDE0B7E22A2D60500C1BAD8 /* Info.plist */,
				1DDE0B7622A2D5FE00C1BAD8 /* Rock_paper_scissors.xcdatamodeld */,
			);
			path = "Rock–paper–scissors";
			sourceTree = "<group>";
		};
/* End PBXGroup section */

/* Begin PBXNativeTarget section */
		1DDE0B6B22A2D5FE00C1BAD8 /* Rock–paper–scissors */ = {
			isa = PBXNativeTarget;
			buildConfigurationList = 1DDE0B8122A2D60500C1BAD8 /* Build configuration list for PBXNativeTarget "Rock–paper–scissors" */;
			buildPhases = (
				1DDE0B6822A2D5FE00C1BAD8 /* Sources */,
				1DDE0B6922A2D5FE00C1BAD8 /* Frameworks */,
				1DDE0B6A22A2D5FE00C1BAD8 /* Resources */,
			);
			buildRules = (
			);
			dependencies = (
			);
			name = "Rock–paper–scissors";
			productName = "Rock–paper–scissors";
			productReference = 1DDE0B6C22A2D5FE00C1BAD8 /* Rock–paper–scissors.app */;
			productType = "com.apple.product-type.application";
		};
/* End PBXNativeTarget section */

/* Begin PBXProject section */
		1DDE0B6422A2D5FE00C1BAD8 /* Project object */ = {
			isa = PBXProject;
			attributes = {
				LastSwiftUpdateCheck = 1010;
				LastUpgradeCheck = 1010;
				ORGANIZATIONNAME = "Mert Demirezen";
				TargetAttributes = {
					1DDE0B6B22A2D5FE00C1BAD8 = {
						CreatedOnToolsVersion = 10.1;
					};
				};
			};
			buildConfigurationList = 1DDE0B6722A2D5FE00C1BAD8 /* Build configuration list for PBXProject "Rock–paper–scissors" */;
			compatibilityVersion = "Xcode 9.3";
			developmentRegion = en;
			hasScannedForEncodings = 0;
			knownRegions = (
				en,
				Base,
			);
			mainGroup = 1DDE0B6322A2D5FE00C1BAD8;
			productRefGroup = 1DDE0B6D22A2D5FE00C1BAD8 /* Products */;
			projectDirPath = "";
			projectRoot = "";
			targets = (
				1DDE0B6B22A2D5FE00C1BAD8 /* Rock–paper–scissors */,
			);
		};
/* End PBXProject section */

/* Begin PBXResourcesBuildPhase section */
		1DDE0B6A22A2D5FE00C1BAD8 /* Resources */ = {
			isa = PBXResourcesBuildPhase;
			buildActionMask = 2147483647;
			files = (
				1DDE0B7D22A2D60500C1BAD8 /* LaunchScreen.storyboard in Resources */,
				1DDE0B8922A2E75300C1BAD8 /* Assets.xcassets in Resources */,
				1DDE0B7522A2D5FE00C1BAD8 /* Main.storyboard in Resources */,
			);
			runOnlyForDeploymentPostprocessing = 0;
		};
/* End PBXResourcesBuildPhase section */

/* Begin PBXSourcesBuildPhase section */
		1DDE0B6822A2D5FE00C1BAD8 /* Sources */ = {
			isa = PBXSourcesBuildPhase;
			buildActionMask = 2147483647;
			files = (
				1DDE0B7222A2D5FE00C1BAD8 /* ViewController.swift in Sources */,
				1DDE0B8522A2E4A500C1BAD8 /* ComputerViewController.swift in Sources */,
				1D31870222A45AEE00E95E72 /* SecondPlayerViewController.swift in Sources */,
				1DDE0B7022A2D5FE00C1BAD8 /* AppDelegate.swift in Sources */,
				1DDE0B7822A2D5FE00C1BAD8 /* Rock_paper_scissors.xcdatamodeld in Sources */,
				1DDE0B8722A2E4D500C1BAD8 /* PlayerViewController.swift in Sources */,
			);
			runOnlyForDeploymentPostprocessing = 0;
		};
/* End PBXSourcesBuildPhase section */

/* Begin PBXVariantGroup section */
		1DDE0B7322A2D5FE00C1BAD8 /* Main.storyboard */ = {
			isa = PBXVariantGroup;
			children = (
				1DDE0B7422A2D5FE00C1BAD8 /* Base */,
			);
			name = Main.storyboard;
			sourceTree = "<group>";
		};
		1DDE0B7B22A2D60500C1BAD8 /* LaunchScreen.storyboard */ = {
			isa = PBXVariantGroup;
			children = (
				1DDE0B7C22A2D60500C1BAD8 /* Base */,
			);
			name = LaunchScreen.storyboard;
			sourceTree = "<group>";
		};
/* End PBXVariantGroup section */

/* Begin XCBuildConfiguration section */
		1DDE0B7F22A2D60500C1BAD8 /* Debug */ = {
			isa = XCBuildConfiguration;
			buildSettings = {
				ALWAYS_SEARCH_USER_PATHS = NO;
				CLANG_ANALYZER_NONNULL = YES;
				CLANG_ANALYZER_NUMBER_OBJECT_CONVERSION = YES_AGGRESSIVE;
				CLANG_CXX_LANGUAGE_STANDARD = "gnu++14";
				CLANG_CXX_LIBRARY = "libc++";
				CLANG_ENABLE_MODULES = YES;
				CLANG_ENABLE_OBJC_ARC = YES;
				CLANG_ENABLE_OBJC_WEAK = YES;
				CLANG_WARN_BLOCK_CAPTURE_AUTORELEASING = YES;
				CLANG_WARN_BOOL_CONVERSION = YES;
				CLANG_WARN_COMMA = YES;
				CLANG_WARN_CONSTANT_CONVERSION = YES;
				CLANG_WARN_DEPRECATED_OBJC_IMPLEMENTATIONS = YES;
				CLANG_WARN_DIRECT_OBJC_ISA_USAGE = YES_ERROR;
				CLANG_WARN_DOCUMENTATION_COMMENTS = YES;
				CLANG_WARN_EMPTY_BODY = YES;
				CLANG_WARN_ENUM_CONVERSION = YES;
				CLANG_WARN_INFINITE_RECURSION = YES;
				CLANG_WARN_INT_CONVERSION = YES;
				CLANG_WARN_NON_LITERAL_NULL_CONVERSION = YES;
				CLANG_WARN_OBJC_IMPLICIT_RETAIN_SELF = YES;
				CLANG_WARN_OBJC_LITERAL_CONVERSION = YES;
				CLANG_WARN_OBJC_ROOT_CLASS = YES_ERROR;
				CLANG_WARN_RANGE_LOOP_ANALYSIS = YES;
				CLANG_WARN_STRICT_PROTOTYPES = YES;
				CLANG_WARN_SUSPICIOUS_MOVE = YES;
				CLANG_WARN_UNGUARDED_AVAILABILITY = YES_AGGRESSIVE;
				CLANG_WARN_UNREACHABLE_CODE = YES;
				CLANG_WARN__DUPLICATE_METHOD_MATCH = YES;
				CODE_SIGN_IDENTITY = "iPhone Developer";
				COPY_PHASE_STRIP = NO;
				DEBUG_INFORMATION_FORMAT = dwarf;
				ENABLE_STRICT_OBJC_MSGSEND = YES;
				ENABLE_TESTABILITY = YES;
				GCC_C_LANGUAGE_STANDARD = gnu11;
				GCC_DYNAMIC_NO_PIC = NO;
				GCC_NO_COMMON_BLOCKS = YES;
				GCC_OPTIMIZATION_LEVEL = 0;
				GCC_PREPROCESSOR_DEFINITIONS = (
					"DEBUG=1",
					"$(inherited)",
				);
				GCC_WARN_64_TO_32_BIT_CONVERSION = YES;
				GCC_WARN_ABOUT_RETURN_TYPE = YES_ERROR;
				GCC_WARN_UNDECLARED_SELECTOR = YES;
				GCC_WARN_UNINITIALIZED_AUTOS = YES_AGGRESSIVE;
				GCC_WARN_UNUSED_FUNCTION = YES;
				GCC_WARN_UNUSED_VARIABLE = YES;
				IPHONEOS_DEPLOYMENT_TARGET = 12.1;
				MTL_ENABLE_DEBUG_INFO = INCLUDE_SOURCE;
				MTL_FAST_MATH = YES;
				ONLY_ACTIVE_ARCH = YES;
				SDKROOT = iphoneos;
				SWIFT_ACTIVE_COMPILATION_CONDITIONS = DEBUG;
				SWIFT_OPTIMIZATION_LEVEL = "-Onone";
			};
			name = Debug;
		};
		1DDE0B8022A2D60500C1BAD8 /* Release */ = {
			isa = XCBuildConfiguration;
			buildSettings = {
				ALWAYS_SEARCH_USER_PATHS = NO;
				CLANG_ANALYZER_NONNULL = YES;
				CLANG_ANALYZER_NUMBER_OBJECT_CONVERSION = YES_AGGRESSIVE;
				CLANG_CXX_LANGUAGE_STANDARD = "gnu++14";
				CLANG_CXX_LIBRARY = "libc++";
				CLANG_ENABLE_MODULES = YES;
				CLANG_ENABLE_OBJC_ARC = YES;
				CLANG_ENABLE_OBJC_WEAK = YES;
				CLANG_WARN_BLOCK_CAPTURE_AUTORELEASING = YES;
				CLANG_WARN_BOOL_CONVERSION = YES;
				CLANG_WARN_COMMA = YES;
				CLANG_WARN_CONSTANT_CONVERSION = YES;
				CLANG_WARN_DEPRECATED_OBJC_IMPLEMENTATIONS = YES;
				CLANG_WARN_DIRECT_OBJC_ISA_USAGE = YES_ERROR;
				CLANG_WARN_DOCUMENTATION_COMMENTS = YES;
				CLANG_WARN_EMPTY_BODY = YES;
				CLANG_WARN_ENUM_CONVERSION = YES;
				CLANG_WARN_INFINITE_RECURSION = YES;
				CLANG_WARN_INT_CONVERSION = YES;
				CLANG_WARN_NON_LITERAL_NULL_CONVERSION = YES;
				CLANG_WARN_OBJC_IMPLICIT_RETAIN_SELF = YES;
				CLANG_WARN_OBJC_LITERAL_CONVERSION = YES;
				CLANG_WARN_OBJC_ROOT_CLASS = YES_ERROR;
				CLANG_WARN_RANGE_LOOP_ANALYSIS = YES;
				CLANG_WARN_STRICT_PROTOTYPES = YES;
				CLANG_WARN_SUSPICIOUS_MOVE = YES;
				CLANG_WARN_UNGUARDED_AVAILABILITY = YES_AGGRESSIVE;
				CLANG_WARN_UNREACHABLE_CODE = YES;
				CLANG_WARN__DUPLICATE_METHOD_MATCH = YES;
				CODE_SIGN_IDENTITY = "iPhone Developer";
				COPY_PHASE_STRIP = NO;
				DEBUG_INFORMATION_FORMAT = "dwarf-with-dsym";
				ENABLE_NS_ASSERTIONS = NO;
				ENABLE_STRICT_OBJC_MSGSEND = YES;
				GCC_C_LANGUAGE_STANDARD = gnu11;
				GCC_NO_COMMON_BLOCKS = YES;
				GCC_WARN_64_TO_32_BIT_CONVERSION = YES;
				GCC_WARN_ABOUT_RETURN_TYPE = YES_ERROR;
				GCC_WARN_UNDECLARED_SELECTOR = YES;
				GCC_WARN_UNINITIALIZED_AUTOS = YES_AGGRESSIVE;
				GCC_WARN_UNUSED_FUNCTION = YES;
				GCC_WARN_UNUSED_VARIABLE = YES;
				IPHONEOS_DEPLOYMENT_TARGET = 12.1;
				MTL_ENABLE_DEBUG_INFO = NO;
				MTL_FAST_MATH = YES;
				SDKROOT = iphoneos;
				SWIFT_COMPILATION_MODE = wholemodule;
				SWIFT_OPTIMIZATION_LEVEL = "-O";
				VALIDATE_PRODUCT = YES;
			};
			name = Release;
		};
		1DDE0B8222A2D60500C1BAD8 /* Debug */ = {
			isa = XCBuildConfiguration;
			buildSettings = {
				ASSETCATALOG_COMPILER_APPICON_NAME = AppIcon;
				CODE_SIGN_STYLE = Automatic;
				DEVELOPMENT_TEAM = T9F2D2BDAU;
				INFOPLIST_FILE = "Rock–paper–scissors/Info.plist";
				LD_RUNPATH_SEARCH_PATHS = (
					"$(inherited)",
					"@executable_path/Frameworks",
				);
				PRODUCT_BUNDLE_IDENTIFIER = "demirezen.Rock-paper-scissors";
				PRODUCT_NAME = "$(TARGET_NAME)";
				SWIFT_VERSION = 4.2;
				TARGETED_DEVICE_FAMILY = "1,2";
			};
			name = Debug;
		};
		1DDE0B8322A2D60500C1BAD8 /* Release */ = {
			isa = XCBuildConfiguration;
			buildSettings = {
				ASSETCATALOG_COMPILER_APPICON_NAME = AppIcon;
				CODE_SIGN_STYLE = Automatic;
				DEVELOPMENT_TEAM = T9F2D2BDAU;
				INFOPLIST_FILE = "Rock–paper–scissors/Info.plist";
				LD_RUNPATH_SEARCH_PATHS = (
					"$(inherited)",
					"@executable_path/Frameworks",
				);
				PRODUCT_BUNDLE_IDENTIFIER = "demirezen.Rock-paper-scissors";
				PRODUCT_NAME = "$(TARGET_NAME)";
				SWIFT_VERSION = 4.2;
				TARGETED_DEVICE_FAMILY = "1,2";
			};
			name = Release;
		};
/* End XCBuildConfiguration section */

/* Begin XCConfigurationList section */
		1DDE0B6722A2D5FE00C1BAD8 /* Build configuration list for PBXProject "Rock–paper–scissors" */ = {
			isa = XCConfigurationList;
			buildConfigurations = (
				1DDE0B7F22A2D60500C1BAD8 /* Debug */,
				1DDE0B8022A2D60500C1BAD8 /* Release */,
			);
			defaultConfigurationIsVisible = 0;
			defaultConfigurationName = Release;
		};
		1DDE0B8122A2D60500C1BAD8 /* Build configuration list for PBXNativeTarget "Rock–paper–scissors" */ = {
			isa = XCConfigurationList;
			buildConfigurations = (
				1DDE0B8222A2D60500C1BAD8 /* Debug */,
				1DDE0B8322A2D60500C1BAD8 /* Release */,
			);
			defaultConfigurationIsVisible = 0;
			defaultConfigurationName = Release;
		};
/* End XCConfigurationList section */

/* Begin XCVersionGroup section */
		1DDE0B7622A2D5FE00C1BAD8 /* Rock_paper_scissors.xcdatamodeld */ = {
			isa = XCVersionGroup;
			children = (
				1DDE0B7722A2D5FE00C1BAD8 /* Rock_paper_scissors.xcdatamodel */,
			);
			currentVersion = 1DDE0B7722A2D5FE00C1BAD8 /* Rock_paper_scissors.xcdatamodel */;
			path = Rock_paper_scissors.xcdatamodeld;
			sourceTree = "<group>";
			versionGroupType = wrapper.xcdatamodel;
		};
/* End XCVersionGroup section */
	};
	rootObject = 1DDE0B6422A2D5FE00C1BAD8 /* Project object */;
}
